// !$*UTF8*$!
{
	archiveVersion = 1;
	classes = {
	};
	objectVersion = 51;
	objects = {

/* Begin PBXBuildFile section */
		50A2FBFD98F1184EF0178FA1 /* Pods_Agenda.framework in Frameworks */ = {isa = PBXBuildFile; fileRef = 983D861470723B178BFD25B9 /* Pods_Agenda.framework */; };
		5B3DBC54801073D2DDD7DC5B /* Pods_AgendaTests.framework in Frameworks */ = {isa = PBXBuildFile; fileRef = 8457C4DB22B0A616B9686511 /* Pods_AgendaTests.framework */; };
		AE14C46FDD2BF25B5A76D804 /* Pods_Agenda_AgendaUITests.framework in Frameworks */ = {isa = PBXBuildFile; fileRef = 991E1F363EC163F1E2DAF3C7 /* Pods_Agenda_AgendaUITests.framework */; };
		E14A609425F63ECE0025DE90 /* ForgotPassVC.swift in Sources */ = {isa = PBXBuildFile; fileRef = E14A609325F63ECE0025DE90 /* ForgotPassVC.swift */; };
		E14E094B25F452C300D7B235 /* MainViewController.swift in Sources */ = {isa = PBXBuildFile; fileRef = E14E094A25F452C300D7B235 /* MainViewController.swift */; };
		E14E095025F4532D00D7B235 /* RegisterViewController.swift in Sources */ = {isa = PBXBuildFile; fileRef = E14E094F25F4532D00D7B235 /* RegisterViewController.swift */; };
		E14E095925F459B400D7B235 /* ContactCell.swift in Sources */ = {isa = PBXBuildFile; fileRef = E14E095825F459B400D7B235 /* ContactCell.swift */; };
		E156933526040F0200B911D1 /* Login.swift in Sources */ = {isa = PBXBuildFile; fileRef = E156933426040F0200B911D1 /* Login.swift */; };
		E156933A2604CB5D00B911D1 /* Contact.swift in Sources */ = {isa = PBXBuildFile; fileRef = E15693392604CB5D00B911D1 /* Contact.swift */; };
		E156933F260556A600B911D1 /* User.swift in Sources */ = {isa = PBXBuildFile; fileRef = E156933E260556A600B911D1 /* User.swift */; };
		E1624E5525F979E000408E9A /* Settings.swift in Sources */ = {isa = PBXBuildFile; fileRef = E1624E5425F979E000408E9A /* Settings.swift */; };
		E1C138C725F4ED84006015D9 /* AddContactViewController.swift in Sources */ = {isa = PBXBuildFile; fileRef = E1C138C625F4ED84006015D9 /* AddContactViewController.swift */; };
		E1C138CF25F50FBD006015D9 /* EditContactControllerView.swift in Sources */ = {isa = PBXBuildFile; fileRef = E1C138CE25F50FBD006015D9 /* EditContactControllerView.swift */; };
		E1C138D425F53636006015D9 /* NetworkManager.swift in Sources */ = {isa = PBXBuildFile; fileRef = E1C138D325F53636006015D9 /* NetworkManager.swift */; };
		E1C138E125F53AD0006015D9 /* Data.swift in Sources */ = {isa = PBXBuildFile; fileRef = E1C138E025F53AD0006015D9 /* Data.swift */; };
		E1C558D625F15F5100EA586E /* AppDelegate.swift in Sources */ = {isa = PBXBuildFile; fileRef = E1C558D525F15F5100EA586E /* AppDelegate.swift */; };
		E1C558D825F15F5100EA586E /* SceneDelegate.swift in Sources */ = {isa = PBXBuildFile; fileRef = E1C558D725F15F5100EA586E /* SceneDelegate.swift */; };
		E1C558DA25F15F5100EA586E /* LoginViewController.swift in Sources */ = {isa = PBXBuildFile; fileRef = E1C558D925F15F5100EA586E /* LoginViewController.swift */; };
		E1C558DD25F15F5100EA586E /* Main.storyboard in Resources */ = {isa = PBXBuildFile; fileRef = E1C558DB25F15F5100EA586E /* Main.storyboard */; };
		E1C558DF25F15F5500EA586E /* Assets.xcassets in Resources */ = {isa = PBXBuildFile; fileRef = E1C558DE25F15F5500EA586E /* Assets.xcassets */; };
		E1C558E225F15F5500EA586E /* LaunchScreen.storyboard in Resources */ = {isa = PBXBuildFile; fileRef = E1C558E025F15F5500EA586E /* LaunchScreen.storyboard */; };
		E1C558ED25F15F5500EA586E /* AgendaTests.swift in Sources */ = {isa = PBXBuildFile; fileRef = E1C558EC25F15F5500EA586E /* AgendaTests.swift */; };
		E1C558F825F15F5500EA586E /* AgendaUITests.swift in Sources */ = {isa = PBXBuildFile; fileRef = E1C558F725F15F5500EA586E /* AgendaUITests.swift */; };
		E1C7DA9726067D30001F0957 /* Register.swift in Sources */ = {isa = PBXBuildFile; fileRef = E1C7DA9626067D30001F0957 /* Register.swift */; };
/* End PBXBuildFile section */

/* Begin PBXContainerItemProxy section */
		E1C558E925F15F5500EA586E /* PBXContainerItemProxy */ = {
			isa = PBXContainerItemProxy;
			containerPortal = E1C558CA25F15F5100EA586E /* Project object */;
			proxyType = 1;
			remoteGlobalIDString = E1C558D125F15F5100EA586E;
			remoteInfo = Agenda;
		};
		E1C558F425F15F5500EA586E /* PBXContainerItemProxy */ = {
			isa = PBXContainerItemProxy;
			containerPortal = E1C558CA25F15F5100EA586E /* Project object */;
			proxyType = 1;
			remoteGlobalIDString = E1C558D125F15F5100EA586E;
			remoteInfo = Agenda;
		};
/* End PBXContainerItemProxy section */

/* Begin PBXFileReference section */
		10DD82EAAB1B30D8ACD933E1 /* Pods-Agenda.debug.xcconfig */ = {isa = PBXFileReference; includeInIndex = 1; lastKnownFileType = text.xcconfig; name = "Pods-Agenda.debug.xcconfig"; path = "Target Support Files/Pods-Agenda/Pods-Agenda.debug.xcconfig"; sourceTree = "<group>"; };
		7F586FAEA9EEC7116050882D /* Pods-Agenda-AgendaUITests.debug.xcconfig */ = {isa = PBXFileReference; includeInIndex = 1; lastKnownFileType = text.xcconfig; name = "Pods-Agenda-AgendaUITests.debug.xcconfig"; path = "Target Support Files/Pods-Agenda-AgendaUITests/Pods-Agenda-AgendaUITests.debug.xcconfig"; sourceTree = "<group>"; };
		8457C4DB22B0A616B9686511 /* Pods_AgendaTests.framework */ = {isa = PBXFileReference; explicitFileType = wrapper.framework; includeInIndex = 0; path = Pods_AgendaTests.framework; sourceTree = BUILT_PRODUCTS_DIR; };
		933FC4D4BA9BBF7757AB8638 /* Pods-Agenda-AgendaUITests.release.xcconfig */ = {isa = PBXFileReference; includeInIndex = 1; lastKnownFileType = text.xcconfig; name = "Pods-Agenda-AgendaUITests.release.xcconfig"; path = "Target Support Files/Pods-Agenda-AgendaUITests/Pods-Agenda-AgendaUITests.release.xcconfig"; sourceTree = "<group>"; };
		942698A078553D3D162F46A2 /* Pods-AgendaTests.release.xcconfig */ = {isa = PBXFileReference; includeInIndex = 1; lastKnownFileType = text.xcconfig; name = "Pods-AgendaTests.release.xcconfig"; path = "Target Support Files/Pods-AgendaTests/Pods-AgendaTests.release.xcconfig"; sourceTree = "<group>"; };
		983D861470723B178BFD25B9 /* Pods_Agenda.framework */ = {isa = PBXFileReference; explicitFileType = wrapper.framework; includeInIndex = 0; path = Pods_Agenda.framework; sourceTree = BUILT_PRODUCTS_DIR; };
		991E1F363EC163F1E2DAF3C7 /* Pods_Agenda_AgendaUITests.framework */ = {isa = PBXFileReference; explicitFileType = wrapper.framework; includeInIndex = 0; path = Pods_Agenda_AgendaUITests.framework; sourceTree = BUILT_PRODUCTS_DIR; };
		B4DC8FB7604F7C09AB5BBF83 /* Pods-AgendaTests.debug.xcconfig */ = {isa = PBXFileReference; includeInIndex = 1; lastKnownFileType = text.xcconfig; name = "Pods-AgendaTests.debug.xcconfig"; path = "Target Support Files/Pods-AgendaTests/Pods-AgendaTests.debug.xcconfig"; sourceTree = "<group>"; };
		B821C4342F687B1B410FCA07 /* Pods-Agenda.release.xcconfig */ = {isa = PBXFileReference; includeInIndex = 1; lastKnownFileType = text.xcconfig; name = "Pods-Agenda.release.xcconfig"; path = "Target Support Files/Pods-Agenda/Pods-Agenda.release.xcconfig"; sourceTree = "<group>"; };
		E14A609325F63ECE0025DE90 /* ForgotPassVC.swift */ = {isa = PBXFileReference; lastKnownFileType = sourcecode.swift; path = ForgotPassVC.swift; sourceTree = "<group>"; };
		E14E094A25F452C300D7B235 /* MainViewController.swift */ = {isa = PBXFileReference; lastKnownFileType = sourcecode.swift; path = MainViewController.swift; sourceTree = "<group>"; };
		E14E094F25F4532D00D7B235 /* RegisterViewController.swift */ = {isa = PBXFileReference; lastKnownFileType = sourcecode.swift; path = RegisterViewController.swift; sourceTree = "<group>"; };
		E14E095825F459B400D7B235 /* ContactCell.swift */ = {isa = PBXFileReference; lastKnownFileType = sourcecode.swift; path = ContactCell.swift; sourceTree = "<group>"; };
		E156933426040F0200B911D1 /* Login.swift */ = {isa = PBXFileReference; lastKnownFileType = sourcecode.swift; path = Login.swift; sourceTree = "<group>"; };
		E15693392604CB5D00B911D1 /* Contact.swift */ = {isa = PBXFileReference; lastKnownFileType = sourcecode.swift; path = Contact.swift; sourceTree = "<group>"; };
		E156933E260556A600B911D1 /* User.swift */ = {isa = PBXFileReference; lastKnownFileType = sourcecode.swift; path = User.swift; sourceTree = "<group>"; };
		E1624E5425F979E000408E9A /* Settings.swift */ = {isa = PBXFileReference; lastKnownFileType = sourcecode.swift; path = Settings.swift; sourceTree = "<group>"; };
		E1C138C625F4ED84006015D9 /* AddContactViewController.swift */ = {isa = PBXFileReference; lastKnownFileType = sourcecode.swift; path = AddContactViewController.swift; sourceTree = "<group>"; };
		E1C138CE25F50FBD006015D9 /* EditContactControllerView.swift */ = {isa = PBXFileReference; lastKnownFileType = sourcecode.swift; path = EditContactControllerView.swift; sourceTree = "<group>"; };
		E1C138D325F53636006015D9 /* NetworkManager.swift */ = {isa = PBXFileReference; lastKnownFileType = sourcecode.swift; path = NetworkManager.swift; sourceTree = "<group>"; };
		E1C138E025F53AD0006015D9 /* Data.swift */ = {isa = PBXFileReference; lastKnownFileType = sourcecode.swift; path = Data.swift; sourceTree = "<group>"; };
		E1C558D225F15F5100EA586E /* Agenda.app */ = {isa = PBXFileReference; explicitFileType = wrapper.application; includeInIndex = 0; path = Agenda.app; sourceTree = BUILT_PRODUCTS_DIR; };
		E1C558D525F15F5100EA586E /* AppDelegate.swift */ = {isa = PBXFileReference; lastKnownFileType = sourcecode.swift; path = AppDelegate.swift; sourceTree = "<group>"; };
		E1C558D725F15F5100EA586E /* SceneDelegate.swift */ = {isa = PBXFileReference; lastKnownFileType = sourcecode.swift; path = SceneDelegate.swift; sourceTree = "<group>"; };
		E1C558D925F15F5100EA586E /* LoginViewController.swift */ = {isa = PBXFileReference; lastKnownFileType = sourcecode.swift; path = LoginViewController.swift; sourceTree = "<group>"; };
		E1C558DC25F15F5100EA586E /* Base */ = {isa = PBXFileReference; lastKnownFileType = file.storyboard; name = Base; path = Base.lproj/Main.storyboard; sourceTree = "<group>"; };
		E1C558DE25F15F5500EA586E /* Assets.xcassets */ = {isa = PBXFileReference; lastKnownFileType = folder.assetcatalog; path = Assets.xcassets; sourceTree = "<group>"; };
		E1C558E125F15F5500EA586E /* Base */ = {isa = PBXFileReference; lastKnownFileType = file.storyboard; name = Base; path = Base.lproj/LaunchScreen.storyboard; sourceTree = "<group>"; };
		E1C558E325F15F5500EA586E /* Info.plist */ = {isa = PBXFileReference; lastKnownFileType = text.plist.xml; path = Info.plist; sourceTree = "<group>"; };
		E1C558E825F15F5500EA586E /* AgendaTests.xctest */ = {isa = PBXFileReference; explicitFileType = wrapper.cfbundle; includeInIndex = 0; path = AgendaTests.xctest; sourceTree = BUILT_PRODUCTS_DIR; };
		E1C558EC25F15F5500EA586E /* AgendaTests.swift */ = {isa = PBXFileReference; lastKnownFileType = sourcecode.swift; path = AgendaTests.swift; sourceTree = "<group>"; };
		E1C558EE25F15F5500EA586E /* Info.plist */ = {isa = PBXFileReference; lastKnownFileType = text.plist.xml; path = Info.plist; sourceTree = "<group>"; };
		E1C558F325F15F5500EA586E /* AgendaUITests.xctest */ = {isa = PBXFileReference; explicitFileType = wrapper.cfbundle; includeInIndex = 0; path = AgendaUITests.xctest; sourceTree = BUILT_PRODUCTS_DIR; };
		E1C558F725F15F5500EA586E /* AgendaUITests.swift */ = {isa = PBXFileReference; lastKnownFileType = sourcecode.swift; path = AgendaUITests.swift; sourceTree = "<group>"; };
		E1C558F925F15F5500EA586E /* Info.plist */ = {isa = PBXFileReference; lastKnownFileType = text.plist.xml; path = Info.plist; sourceTree = "<group>"; };
		E1C7DA9626067D30001F0957 /* Register.swift */ = {isa = PBXFileReference; lastKnownFileType = sourcecode.swift; path = Register.swift; sourceTree = "<group>"; };
/* End PBXFileReference section */

/* Begin PBXFrameworksBuildPhase section */
		E1C558CF25F15F5100EA586E /* Frameworks */ = {
			isa = PBXFrameworksBuildPhase;
			buildActionMask = 2147483647;
			files = (
				50A2FBFD98F1184EF0178FA1 /* Pods_Agenda.framework in Frameworks */,
			);
			runOnlyForDeploymentPostprocessing = 0;
		};
		E1C558E525F15F5500EA586E /* Frameworks */ = {
			isa = PBXFrameworksBuildPhase;
			buildActionMask = 2147483647;
			files = (
				5B3DBC54801073D2DDD7DC5B /* Pods_AgendaTests.framework in Frameworks */,
			);
			runOnlyForDeploymentPostprocessing = 0;
		};
		E1C558F025F15F5500EA586E /* Frameworks */ = {
			isa = PBXFrameworksBuildPhase;
			buildActionMask = 2147483647;
			files = (
				AE14C46FDD2BF25B5A76D804 /* Pods_Agenda_AgendaUITests.framework in Frameworks */,
			);
			runOnlyForDeploymentPostprocessing = 0;
		};
/* End PBXFrameworksBuildPhase section */

/* Begin PBXGroup section */
		15213EFDF89515E3DA1CA350 /* Frameworks */ = {
			isa = PBXGroup;
			children = (
				983D861470723B178BFD25B9 /* Pods_Agenda.framework */,
				991E1F363EC163F1E2DAF3C7 /* Pods_Agenda_AgendaUITests.framework */,
				8457C4DB22B0A616B9686511 /* Pods_AgendaTests.framework */,
			);
			name = Frameworks;
			sourceTree = "<group>";
		};
		52454B924EAAFAB1ABFB6145 /* Pods */ = {
			isa = PBXGroup;
			children = (
				10DD82EAAB1B30D8ACD933E1 /* Pods-Agenda.debug.xcconfig */,
				B821C4342F687B1B410FCA07 /* Pods-Agenda.release.xcconfig */,
				7F586FAEA9EEC7116050882D /* Pods-Agenda-AgendaUITests.debug.xcconfig */,
				933FC4D4BA9BBF7757AB8638 /* Pods-Agenda-AgendaUITests.release.xcconfig */,
				B4DC8FB7604F7C09AB5BBF83 /* Pods-AgendaTests.debug.xcconfig */,
				942698A078553D3D162F46A2 /* Pods-AgendaTests.release.xcconfig */,
			);
			path = Pods;
			sourceTree = "<group>";
		};
		E14E095425F4533300D7B235 /* Controllers */ = {
			isa = PBXGroup;
			children = (
				E1C558D925F15F5100EA586E /* LoginViewController.swift */,
				E14E094F25F4532D00D7B235 /* RegisterViewController.swift */,
				E14A609325F63ECE0025DE90 /* ForgotPassVC.swift */,
				E14E094A25F452C300D7B235 /* MainViewController.swift */,
				E1C138C625F4ED84006015D9 /* AddContactViewController.swift */,
				E14E095825F459B400D7B235 /* ContactCell.swift */,
				E1C138CE25F50FBD006015D9 /* EditContactControllerView.swift */,
				E1C138D325F53636006015D9 /* NetworkManager.swift */,
				E1C138E025F53AD0006015D9 /* Data.swift */,
				E1624E5425F979E000408E9A /* Settings.swift */,
			);
			path = Controllers;
			sourceTree = "<group>";
		};
		E156933326040EE900B911D1 /* Models */ = {
			isa = PBXGroup;
			children = (
				E156933426040F0200B911D1 /* Login.swift */,
				E15693392604CB5D00B911D1 /* Contact.swift */,
				E156933E260556A600B911D1 /* User.swift */,
				E1C7DA9626067D30001F0957 /* Register.swift */,
			);
			path = Models;
			sourceTree = "<group>";
		};
		E1C558C925F15F5100EA586E = {
			isa = PBXGroup;
			children = (
				E1C558D425F15F5100EA586E /* Agenda */,
				E1C558EB25F15F5500EA586E /* AgendaTests */,
				E1C558F625F15F5500EA586E /* AgendaUITests */,
				E1C558D325F15F5100EA586E /* Products */,
				52454B924EAAFAB1ABFB6145 /* Pods */,
				15213EFDF89515E3DA1CA350 /* Frameworks */,
			);
			sourceTree = "<group>";
		};
		E1C558D325F15F5100EA586E /* Products */ = {
			isa = PBXGroup;
			children = (
				E1C558D225F15F5100EA586E /* Agenda.app */,
				E1C558E825F15F5500EA586E /* AgendaTests.xctest */,
				E1C558F325F15F5500EA586E /* AgendaUITests.xctest */,
			);
			name = Products;
			sourceTree = "<group>";
		};
		E1C558D425F15F5100EA586E /* Agenda */ = {
			isa = PBXGroup;
			children = (
				E156933326040EE900B911D1 /* Models */,
				E14E095425F4533300D7B235 /* Controllers */,
				E1C558D525F15F5100EA586E /* AppDelegate.swift */,
				E1C558D725F15F5100EA586E /* SceneDelegate.swift */,
				E1C558DB25F15F5100EA586E /* Main.storyboard */,
				E1C558DE25F15F5500EA586E /* Assets.xcassets */,
				E1C558E025F15F5500EA586E /* LaunchScreen.storyboard */,
				E1C558E325F15F5500EA586E /* Info.plist */,
			);
			path = Agenda;
			sourceTree = "<group>";
		};
		E1C558EB25F15F5500EA586E /* AgendaTests */ = {
			isa = PBXGroup;
			children = (
				E1C558EC25F15F5500EA586E /* AgendaTests.swift */,
				E1C558EE25F15F5500EA586E /* Info.plist */,
			);
			path = AgendaTests;
			sourceTree = "<group>";
		};
		E1C558F625F15F5500EA586E /* AgendaUITests */ = {
			isa = PBXGroup;
			children = (
				E1C558F725F15F5500EA586E /* AgendaUITests.swift */,
				E1C558F925F15F5500EA586E /* Info.plist */,
			);
			path = AgendaUITests;
			sourceTree = "<group>";
		};
/* End PBXGroup section */

/* Begin PBXNativeTarget section */
		E1C558D125F15F5100EA586E /* Agenda */ = {
			isa = PBXNativeTarget;
			buildConfigurationList = E1C558FC25F15F5500EA586E /* Build configuration list for PBXNativeTarget "Agenda" */;
			buildPhases = (
				DD29A00014945C7D51AB42FC /* [CP] Check Pods Manifest.lock */,
				E1C558CE25F15F5100EA586E /* Sources */,
				E1C558CF25F15F5100EA586E /* Frameworks */,
				E1C558D025F15F5100EA586E /* Resources */,
				132FAFB3ABC16353D7E4E2BA /* [CP] Embed Pods Frameworks */,
			);
			buildRules = (
			);
			dependencies = (
			);
			name = Agenda;
			productName = Agenda;
			productReference = E1C558D225F15F5100EA586E /* Agenda.app */;
			productType = "com.apple.product-type.application";
		};
		E1C558E725F15F5500EA586E /* AgendaTests */ = {
			isa = PBXNativeTarget;
			buildConfigurationList = E1C558FF25F15F5500EA586E /* Build configuration list for PBXNativeTarget "AgendaTests" */;
			buildPhases = (
				6E0683E265C1D7F0A000D73B /* [CP] Check Pods Manifest.lock */,
				E1C558E425F15F5500EA586E /* Sources */,
				E1C558E525F15F5500EA586E /* Frameworks */,
				E1C558E625F15F5500EA586E /* Resources */,
			);
			buildRules = (
			);
			dependencies = (
				E1C558EA25F15F5500EA586E /* PBXTargetDependency */,
			);
			name = AgendaTests;
			productName = AgendaTests;
			productReference = E1C558E825F15F5500EA586E /* AgendaTests.xctest */;
			productType = "com.apple.product-type.bundle.unit-test";
		};
		E1C558F225F15F5500EA586E /* AgendaUITests */ = {
			isa = PBXNativeTarget;
			buildConfigurationList = E1C5590225F15F5500EA586E /* Build configuration list for PBXNativeTarget "AgendaUITests" */;
			buildPhases = (
				EC87FD55C0A533E39F06EC15 /* [CP] Check Pods Manifest.lock */,
				E1C558EF25F15F5500EA586E /* Sources */,
				E1C558F025F15F5500EA586E /* Frameworks */,
				E1C558F125F15F5500EA586E /* Resources */,
				A2ED70BF08BD2D6485AB18A4 /* [CP] Embed Pods Frameworks */,
			);
			buildRules = (
			);
			dependencies = (
				E1C558F525F15F5500EA586E /* PBXTargetDependency */,
			);
			name = AgendaUITests;
			productName = AgendaUITests;
			productReference = E1C558F325F15F5500EA586E /* AgendaUITests.xctest */;
			productType = "com.apple.product-type.bundle.ui-testing";
		};
/* End PBXNativeTarget section */

/* Begin PBXProject section */
		E1C558CA25F15F5100EA586E /* Project object */ = {
			isa = PBXProject;
			attributes = {
				LastSwiftUpdateCheck = 1240;
				LastUpgradeCheck = 1240;
				TargetAttributes = {
					E1C558D125F15F5100EA586E = {
						CreatedOnToolsVersion = 12.4;
					};
					E1C558E725F15F5500EA586E = {
						CreatedOnToolsVersion = 12.4;
						TestTargetID = E1C558D125F15F5100EA586E;
					};
					E1C558F225F15F5500EA586E = {
						CreatedOnToolsVersion = 12.4;
						TestTargetID = E1C558D125F15F5100EA586E;
					};
				};
			};
			buildConfigurationList = E1C558CD25F15F5100EA586E /* Build configuration list for PBXProject "Agenda" */;
			compatibilityVersion = "Xcode 9.3";
			developmentRegion = en;
			hasScannedForEncodings = 0;
			knownRegions = (
				en,
				Base,
			);
			mainGroup = E1C558C925F15F5100EA586E;
			productRefGroup = E1C558D325F15F5100EA586E /* Products */;
			projectDirPath = "";
			projectRoot = "";
			targets = (
				E1C558D125F15F5100EA586E /* Agenda */,
				E1C558E725F15F5500EA586E /* AgendaTests */,
				E1C558F225F15F5500EA586E /* AgendaUITests */,
			);
		};
/* End PBXProject section */

/* Begin PBXResourcesBuildPhase section */
		E1C558D025F15F5100EA586E /* Resources */ = {
			isa = PBXResourcesBuildPhase;
			buildActionMask = 2147483647;
			files = (
				E1C558E225F15F5500EA586E /* LaunchScreen.storyboard in Resources */,
				E1C558DF25F15F5500EA586E /* Assets.xcassets in Resources */,
				E1C558DD25F15F5100EA586E /* Main.storyboard in Resources */,
			);
			runOnlyForDeploymentPostprocessing = 0;
		};
		E1C558E625F15F5500EA586E /* Resources */ = {
			isa = PBXResourcesBuildPhase;
			buildActionMask = 2147483647;
			files = (
			);
			runOnlyForDeploymentPostprocessing = 0;
		};
		E1C558F125F15F5500EA586E /* Resources */ = {
			isa = PBXResourcesBuildPhase;
			buildActionMask = 2147483647;
			files = (
			);
			runOnlyForDeploymentPostprocessing = 0;
		};
/* End PBXResourcesBuildPhase section */

/* Begin PBXShellScriptBuildPhase section */
		132FAFB3ABC16353D7E4E2BA /* [CP] Embed Pods Frameworks */ = {
			isa = PBXShellScriptBuildPhase;
			buildActionMask = 2147483647;
			files = (
			);
			inputFileListPaths = (
				"${PODS_ROOT}/Target Support Files/Pods-Agenda/Pods-Agenda-frameworks-${CONFIGURATION}-input-files.xcfilelist",
			);
			name = "[CP] Embed Pods Frameworks";
			outputFileListPaths = (
				"${PODS_ROOT}/Target Support Files/Pods-Agenda/Pods-Agenda-frameworks-${CONFIGURATION}-output-files.xcfilelist",
			);
			runOnlyForDeploymentPostprocessing = 0;
			shellPath = /bin/sh;
			shellScript = "\"${PODS_ROOT}/Target Support Files/Pods-Agenda/Pods-Agenda-frameworks.sh\"\n";
			showEnvVarsInLog = 0;
		};
		6E0683E265C1D7F0A000D73B /* [CP] Check Pods Manifest.lock */ = {
			isa = PBXShellScriptBuildPhase;
			buildActionMask = 2147483647;
			files = (
			);
			inputFileListPaths = (
			);
			inputPaths = (
				"${PODS_PODFILE_DIR_PATH}/Podfile.lock",
				"${PODS_ROOT}/Manifest.lock",
			);
			name = "[CP] Check Pods Manifest.lock";
			outputFileListPaths = (
			);
			outputPaths = (
				"$(DERIVED_FILE_DIR)/Pods-AgendaTests-checkManifestLockResult.txt",
			);
			runOnlyForDeploymentPostprocessing = 0;
			shellPath = /bin/sh;
			shellScript = "diff \"${PODS_PODFILE_DIR_PATH}/Podfile.lock\" \"${PODS_ROOT}/Manifest.lock\" > /dev/null\nif [ $? != 0 ] ; then\n    # print error to STDERR\n    echo \"error: The sandbox is not in sync with the Podfile.lock. Run 'pod install' or update your CocoaPods installation.\" >&2\n    exit 1\nfi\n# This output is used by Xcode 'outputs' to avoid re-running this script phase.\necho \"SUCCESS\" > \"${SCRIPT_OUTPUT_FILE_0}\"\n";
			showEnvVarsInLog = 0;
		};
		A2ED70BF08BD2D6485AB18A4 /* [CP] Embed Pods Frameworks */ = {
			isa = PBXShellScriptBuildPhase;
			buildActionMask = 2147483647;
			files = (
			);
			inputFileListPaths = (
				"${PODS_ROOT}/Target Support Files/Pods-Agenda-AgendaUITests/Pods-Agenda-AgendaUITests-frameworks-${CONFIGURATION}-input-files.xcfilelist",
			);
			name = "[CP] Embed Pods Frameworks";
			outputFileListPaths = (
				"${PODS_ROOT}/Target Support Files/Pods-Agenda-AgendaUITests/Pods-Agenda-AgendaUITests-frameworks-${CONFIGURATION}-output-files.xcfilelist",
			);
			runOnlyForDeploymentPostprocessing = 0;
			shellPath = /bin/sh;
			shellScript = "\"${PODS_ROOT}/Target Support Files/Pods-Agenda-AgendaUITests/Pods-Agenda-AgendaUITests-frameworks.sh\"\n";
			showEnvVarsInLog = 0;
		};
		DD29A00014945C7D51AB42FC /* [CP] Check Pods Manifest.lock */ = {
			isa = PBXShellScriptBuildPhase;
			buildActionMask = 2147483647;
			files = (
			);
			inputFileListPaths = (
			);
			inputPaths = (
				"${PODS_PODFILE_DIR_PATH}/Podfile.lock",
				"${PODS_ROOT}/Manifest.lock",
			);
			name = "[CP] Check Pods Manifest.lock";
			outputFileListPaths = (
			);
			outputPaths = (
				"$(DERIVED_FILE_DIR)/Pods-Agenda-checkManifestLockResult.txt",
			);
			runOnlyForDeploymentPostprocessing = 0;
			shellPath = /bin/sh;
			shellScript = "diff \"${PODS_PODFILE_DIR_PATH}/Podfile.lock\" \"${PODS_ROOT}/Manifest.lock\" > /dev/null\nif [ $? != 0 ] ; then\n    # print error to STDERR\n    echo \"error: The sandbox is not in sync with the Podfile.lock. Run 'pod install' or update your CocoaPods installation.\" >&2\n    exit 1\nfi\n# This output is used by Xcode 'outputs' to avoid re-running this script phase.\necho \"SUCCESS\" > \"${SCRIPT_OUTPUT_FILE_0}\"\n";
			showEnvVarsInLog = 0;
		};
		EC87FD55C0A533E39F06EC15 /* [CP] Check Pods Manifest.lock */ = {
			isa = PBXShellScriptBuildPhase;
			buildActionMask = 2147483647;
			files = (
			);
			inputFileListPaths = (
			);
			inputPaths = (
				"${PODS_PODFILE_DIR_PATH}/Podfile.lock",
				"${PODS_ROOT}/Manifest.lock",
			);
			name = "[CP] Check Pods Manifest.lock";
			outputFileListPaths = (
			);
			outputPaths = (
				"$(DERIVED_FILE_DIR)/Pods-Agenda-AgendaUITests-checkManifestLockResult.txt",
			);
			runOnlyForDeploymentPostprocessing = 0;
			shellPath = /bin/sh;
			shellScript = "diff \"${PODS_PODFILE_DIR_PATH}/Podfile.lock\" \"${PODS_ROOT}/Manifest.lock\" > /dev/null\nif [ $? != 0 ] ; then\n    # print error to STDERR\n    echo \"error: The sandbox is not in sync with the Podfile.lock. Run 'pod install' or update your CocoaPods installation.\" >&2\n    exit 1\nfi\n# This output is used by Xcode 'outputs' to avoid re-running this script phase.\necho \"SUCCESS\" > \"${SCRIPT_OUTPUT_FILE_0}\"\n";
			showEnvVarsInLog = 0;
		};
/* End PBXShellScriptBuildPhase section */

/* Begin PBXSourcesBuildPhase section */
		E1C558CE25F15F5100EA586E /* Sources */ = {
			isa = PBXSourcesBuildPhase;
			buildActionMask = 2147483647;
			files = (
				E1C138D425F53636006015D9 /* NetworkManager.swift in Sources */,
				E14A609425F63ECE0025DE90 /* ForgotPassVC.swift in Sources */,
				E156933526040F0200B911D1 /* Login.swift in Sources */,
				E1C138E125F53AD0006015D9 /* Data.swift in Sources */,
				E14E095925F459B400D7B235 /* ContactCell.swift in Sources */,
				E1C558DA25F15F5100EA586E /* LoginViewController.swift in Sources */,
				E156933A2604CB5D00B911D1 /* Contact.swift in Sources */,
				E1C138C725F4ED84006015D9 /* AddContactViewController.swift in Sources */,
				E156933F260556A600B911D1 /* User.swift in Sources */,
				E1624E5525F979E000408E9A /* Settings.swift in Sources */,
				E1C138CF25F50FBD006015D9 /* EditContactControllerView.swift in Sources */,
				E14E095025F4532D00D7B235 /* RegisterViewController.swift in Sources */,
				E1C558D625F15F5100EA586E /* AppDelegate.swift in Sources */,
				E1C558D825F15F5100EA586E /* SceneDelegate.swift in Sources */,
				E1C7DA9726067D30001F0957 /* Register.swift in Sources */,
				E14E094B25F452C300D7B235 /* MainViewController.swift in Sources */,
			);
			runOnlyForDeploymentPostprocessing = 0;
		};
		E1C558E425F15F5500EA586E /* Sources */ = {
			isa = PBXSourcesBuildPhase;
			buildActionMask = 2147483647;
			files = (
				E1C558ED25F15F5500EA586E /* AgendaTests.swift in Sources */,
			);
			runOnlyForDeploymentPostprocessing = 0;
		};
		E1C558EF25F15F5500EA586E /* Sources */ = {
			isa = PBXSourcesBuildPhase;
			buildActionMask = 2147483647;
			files = (
				E1C558F825F15F5500EA586E /* AgendaUITests.swift in Sources */,
			);
			runOnlyForDeploymentPostprocessing = 0;
		};
/* End PBXSourcesBuildPhase section */

/* Begin PBXTargetDependency section */
		E1C558EA25F15F5500EA586E /* PBXTargetDependency */ = {
			isa = PBXTargetDependency;
			target = E1C558D125F15F5100EA586E /* Agenda */;
			targetProxy = E1C558E925F15F5500EA586E /* PBXContainerItemProxy */;
		};
		E1C558F525F15F5500EA586E /* PBXTargetDependency */ = {
			isa = PBXTargetDependency;
			target = E1C558D125F15F5100EA586E /* Agenda */;
			targetProxy = E1C558F425F15F5500EA586E /* PBXContainerItemProxy */;
		};
/* End PBXTargetDependency section */

/* Begin PBXVariantGroup section */
		E1C558DB25F15F5100EA586E /* Main.storyboard */ = {
			isa = PBXVariantGroup;
			children = (
				E1C558DC25F15F5100EA586E /* Base */,
			);
			name = Main.storyboard;
			sourceTree = "<group>";
		};
		E1C558E025F15F5500EA586E /* LaunchScreen.storyboard */ = {
			isa = PBXVariantGroup;
			children = (
				E1C558E125F15F5500EA586E /* Base */,
			);
			name = LaunchScreen.storyboard;
			sourceTree = "<group>";
		};
/* End PBXVariantGroup section */

/* Begin XCBuildConfiguration section */
		E1C558FA25F15F5500EA586E /* Debug */ = {
			isa = XCBuildConfiguration;
			buildSettings = {
				ALWAYS_SEARCH_USER_PATHS = NO;
				CLANG_ANALYZER_NONNULL = YES;
				CLANG_ANALYZER_NUMBER_OBJECT_CONVERSION = YES_AGGRESSIVE;
				CLANG_CXX_LANGUAGE_STANDARD = "gnu++14";
				CLANG_CXX_LIBRARY = "libc++";
				CLANG_ENABLE_MODULES = YES;
				CLANG_ENABLE_OBJC_ARC = YES;
				CLANG_ENABLE_OBJC_WEAK = YES;
				CLANG_WARN_BLOCK_CAPTURE_AUTORELEASING = YES;
				CLANG_WARN_BOOL_CONVERSION = YES;
				CLANG_WARN_COMMA = YES;
				CLANG_WARN_CONSTANT_CONVERSION = YES;
				CLANG_WARN_DEPRECATED_OBJC_IMPLEMENTATIONS = YES;
				CLANG_WARN_DIRECT_OBJC_ISA_USAGE = YES_ERROR;
				CLANG_WARN_DOCUMENTATION_COMMENTS = YES;
				CLANG_WARN_EMPTY_BODY = YES;
				CLANG_WARN_ENUM_CONVERSION = YES;
				CLANG_WARN_INFINITE_RECURSION = YES;
				CLANG_WARN_INT_CONVERSION = YES;
				CLANG_WARN_NON_LITERAL_NULL_CONVERSION = YES;
				CLANG_WARN_OBJC_IMPLICIT_RETAIN_SELF = YES;
				CLANG_WARN_OBJC_LITERAL_CONVERSION = YES;
				CLANG_WARN_OBJC_ROOT_CLASS = YES_ERROR;
				CLANG_WARN_QUOTED_INCLUDE_IN_FRAMEWORK_HEADER = YES;
				CLANG_WARN_RANGE_LOOP_ANALYSIS = YES;
				CLANG_WARN_STRICT_PROTOTYPES = YES;
				CLANG_WARN_SUSPICIOUS_MOVE = YES;
				CLANG_WARN_UNGUARDED_AVAILABILITY = YES_AGGRESSIVE;
				CLANG_WARN_UNREACHABLE_CODE = YES;
				CLANG_WARN__DUPLICATE_METHOD_MATCH = YES;
				COPY_PHASE_STRIP = NO;
				DEBUG_INFORMATION_FORMAT = dwarf;
				ENABLE_STRICT_OBJC_MSGSEND = YES;
				ENABLE_TESTABILITY = YES;
				GCC_C_LANGUAGE_STANDARD = gnu11;
				GCC_DYNAMIC_NO_PIC = NO;
				GCC_NO_COMMON_BLOCKS = YES;
				GCC_OPTIMIZATION_LEVEL = 0;
				GCC_PREPROCESSOR_DEFINITIONS = (
					"DEBUG=1",
					"$(inherited)",
				);
				GCC_WARN_64_TO_32_BIT_CONVERSION = YES;
				GCC_WARN_ABOUT_RETURN_TYPE = YES_ERROR;
				GCC_WARN_UNDECLARED_SELECTOR = YES;
				GCC_WARN_UNINITIALIZED_AUTOS = YES_AGGRESSIVE;
				GCC_WARN_UNUSED_FUNCTION = YES;
				GCC_WARN_UNUSED_VARIABLE = YES;
				IPHONEOS_DEPLOYMENT_TARGET = 14.4;
				MTL_ENABLE_DEBUG_INFO = INCLUDE_SOURCE;
				MTL_FAST_MATH = YES;
				ONLY_ACTIVE_ARCH = YES;
				SDKROOT = iphoneos;
				SWIFT_ACTIVE_COMPILATION_CONDITIONS = DEBUG;
				SWIFT_OPTIMIZATION_LEVEL = "-Onone";
			};
			name = Debug;
		};
		E1C558FB25F15F5500EA586E /* Release */ = {
			isa = XCBuildConfiguration;
			buildSettings = {
				ALWAYS_SEARCH_USER_PATHS = NO;
				CLANG_ANALYZER_NONNULL = YES;
				CLANG_ANALYZER_NUMBER_OBJECT_CONVERSION = YES_AGGRESSIVE;
				CLANG_CXX_LANGUAGE_STANDARD = "gnu++14";
				CLANG_CXX_LIBRARY = "libc++";
				CLANG_ENABLE_MODULES = YES;
				CLANG_ENABLE_OBJC_ARC = YES;
				CLANG_ENABLE_OBJC_WEAK = YES;
				CLANG_WARN_BLOCK_CAPTURE_AUTORELEASING = YES;
				CLANG_WARN_BOOL_CONVERSION = YES;
				CLANG_WARN_COMMA = YES;
				CLANG_WARN_CONSTANT_CONVERSION = YES;
				CLANG_WARN_DEPRECATED_OBJC_IMPLEMENTATIONS = YES;
				CLANG_WARN_DIRECT_OBJC_ISA_USAGE = YES_ERROR;
				CLANG_WARN_DOCUMENTATION_COMMENTS = YES;
				CLANG_WARN_EMPTY_BODY = YES;
				CLANG_WARN_ENUM_CONVERSION = YES;
				CLANG_WARN_INFINITE_RECURSION = YES;
				CLANG_WARN_INT_CONVERSION = YES;
				CLANG_WARN_NON_LITERAL_NULL_CONVERSION = YES;
				CLANG_WARN_OBJC_IMPLICIT_RETAIN_SELF = YES;
				CLANG_WARN_OBJC_LITERAL_CONVERSION = YES;
				CLANG_WARN_OBJC_ROOT_CLASS = YES_ERROR;
				CLANG_WARN_QUOTED_INCLUDE_IN_FRAMEWORK_HEADER = YES;
				CLANG_WARN_RANGE_LOOP_ANALYSIS = YES;
				CLANG_WARN_STRICT_PROTOTYPES = YES;
				CLANG_WARN_SUSPICIOUS_MOVE = YES;
				CLANG_WARN_UNGUARDED_AVAILABILITY = YES_AGGRESSIVE;
				CLANG_WARN_UNREACHABLE_CODE = YES;
				CLANG_WARN__DUPLICATE_METHOD_MATCH = YES;
				COPY_PHASE_STRIP = NO;
				DEBUG_INFORMATION_FORMAT = "dwarf-with-dsym";
				ENABLE_NS_ASSERTIONS = NO;
				ENABLE_STRICT_OBJC_MSGSEND = YES;
				GCC_C_LANGUAGE_STANDARD = gnu11;
				GCC_NO_COMMON_BLOCKS = YES;
				GCC_WARN_64_TO_32_BIT_CONVERSION = YES;
				GCC_WARN_ABOUT_RETURN_TYPE = YES_ERROR;
				GCC_WARN_UNDECLARED_SELECTOR = YES;
				GCC_WARN_UNINITIALIZED_AUTOS = YES_AGGRESSIVE;
				GCC_WARN_UNUSED_FUNCTION = YES;
				GCC_WARN_UNUSED_VARIABLE = YES;
				IPHONEOS_DEPLOYMENT_TARGET = 14.4;
				MTL_ENABLE_DEBUG_INFO = NO;
				MTL_FAST_MATH = YES;
				SDKROOT = iphoneos;
				SWIFT_COMPILATION_MODE = wholemodule;
				SWIFT_OPTIMIZATION_LEVEL = "-O";
				VALIDATE_PRODUCT = YES;
			};
			name = Release;
		};
		E1C558FD25F15F5500EA586E /* Debug */ = {
			isa = XCBuildConfiguration;
			baseConfigurationReference = 10DD82EAAB1B30D8ACD933E1 /* Pods-Agenda.debug.xcconfig */;
			buildSettings = {
				ASSETCATALOG_COMPILER_APPICON_NAME = AppIcon;
				ASSETCATALOG_COMPILER_GLOBAL_ACCENT_COLOR_NAME = AccentColor;
				CODE_SIGN_STYLE = Automatic;
				INFOPLIST_FILE = Agenda/Info.plist;
				LD_RUNPATH_SEARCH_PATHS = (
					"$(inherited)",
					"@executable_path/Frameworks",
				);
				PRODUCT_BUNDLE_IDENTIFIER = com.jcarro.Agenda;
				PRODUCT_NAME = "$(TARGET_NAME)";
				SWIFT_VERSION = 5.0;
				TARGETED_DEVICE_FAMILY = "1,2";
			};
			name = Debug;
		};
		E1C558FE25F15F5500EA586E /* Release */ = {
			isa = XCBuildConfiguration;
			baseConfigurationReference = B821C4342F687B1B410FCA07 /* Pods-Agenda.release.xcconfig */;
			buildSettings = {
				ASSETCATALOG_COMPILER_APPICON_NAME = AppIcon;
				ASSETCATALOG_COMPILER_GLOBAL_ACCENT_COLOR_NAME = AccentColor;
				CODE_SIGN_STYLE = Automatic;
				INFOPLIST_FILE = Agenda/Info.plist;
				LD_RUNPATH_SEARCH_PATHS = (
					"$(inherited)",
					"@executable_path/Frameworks",
				);
				PRODUCT_BUNDLE_IDENTIFIER = com.jcarro.Agenda;
				PRODUCT_NAME = "$(TARGET_NAME)";
				SWIFT_VERSION = 5.0;
				TARGETED_DEVICE_FAMILY = "1,2";
			};
			name = Release;
		};
		E1C5590025F15F5500EA586E /* Debug */ = {
			isa = XCBuildConfiguration;
			baseConfigurationReference = B4DC8FB7604F7C09AB5BBF83 /* Pods-AgendaTests.debug.xcconfig */;
			buildSettings = {
				ALWAYS_EMBED_SWIFT_STANDARD_LIBRARIES = YES;
				BUNDLE_LOADER = "$(TEST_HOST)";
				CODE_SIGN_STYLE = Automatic;
				INFOPLIST_FILE = AgendaTests/Info.plist;
				IPHONEOS_DEPLOYMENT_TARGET = 14.4;
				LD_RUNPATH_SEARCH_PATHS = (
					"$(inherited)",
					"@executable_path/Frameworks",
					"@loader_path/Frameworks",
				);
				PRODUCT_BUNDLE_IDENTIFIER = com.jcarro.AgendaTests;
				PRODUCT_NAME = "$(TARGET_NAME)";
				SWIFT_VERSION = 5.0;
				TARGETED_DEVICE_FAMILY = "1,2";
				TEST_HOST = "$(BUILT_PRODUCTS_DIR)/Agenda.app/Agenda";
			};
			name = Debug;
		};
		E1C5590125F15F5500EA586E /* Release */ = {
			isa = XCBuildConfiguration;
			baseConfigurationReference = 942698A078553D3D162F46A2 /* Pods-AgendaTests.release.xcconfig */;
			buildSettings = {
				ALWAYS_EMBED_SWIFT_STANDARD_LIBRARIES = YES;
				BUNDLE_LOADER = "$(TEST_HOST)";
				CODE_SIGN_STYLE = Automatic;
				INFOPLIST_FILE = AgendaTests/Info.plist;
				IPHONEOS_DEPLOYMENT_TARGET = 14.4;
				LD_RUNPATH_SEARCH_PATHS = (
					"$(inherited)",
					"@executable_path/Frameworks",
					"@loader_path/Frameworks",
				);
				PRODUCT_BUNDLE_IDENTIFIER = com.jcarro.AgendaTests;
				PRODUCT_NAME = "$(TARGET_NAME)";
				SWIFT_VERSION = 5.0;
				TARGETED_DEVICE_FAMILY = "1,2";
				TEST_HOST = "$(BUILT_PRODUCTS_DIR)/Agenda.app/Agenda";
			};
			name = Release;
		};
		E1C5590325F15F5500EA586E /* Debug */ = {
			isa = XCBuildConfiguration;
			baseConfigurationReference = 7F586FAEA9EEC7116050882D /* Pods-Agenda-AgendaUITests.debug.xcconfig */;
			buildSettings = {
				ALWAYS_EMBED_SWIFT_STANDARD_LIBRARIES = YES;
				CODE_SIGN_STYLE = Automatic;
				INFOPLIST_FILE = AgendaUITests/Info.plist;
				LD_RUNPATH_SEARCH_PATHS = (
					"$(inherited)",
					"@executable_path/Frameworks",
					"@loader_path/Frameworks",
				);
				PRODUCT_BUNDLE_IDENTIFIER = com.jcarro.AgendaUITests;
				PRODUCT_NAME = "$(TARGET_NAME)";
				SWIFT_VERSION = 5.0;
				TARGETED_DEVICE_FAMILY = "1,2";
				TEST_TARGET_NAME = Agenda;
			};
			name = Debug;
		};
		E1C5590425F15F5500EA586E /* Release */ = {
			isa = XCBuildConfiguration;
			baseConfigurationReference = 933FC4D4BA9BBF7757AB8638 /* Pods-Agenda-AgendaUITests.release.xcconfig */;
			buildSettings = {
				ALWAYS_EMBED_SWIFT_STANDARD_LIBRARIES = YES;
				CODE_SIGN_STYLE = Automatic;
				INFOPLIST_FILE = AgendaUITests/Info.plist;
				LD_RUNPATH_SEARCH_PATHS = (
					"$(inherited)",
					"@executable_path/Frameworks",
					"@loader_path/Frameworks",
				);
				PRODUCT_BUNDLE_IDENTIFIER = com.jcarro.AgendaUITests;
				PRODUCT_NAME = "$(TARGET_NAME)";
				SWIFT_VERSION = 5.0;
				TARGETED_DEVICE_FAMILY = "1,2";
				TEST_TARGET_NAME = Agenda;
			};
			name = Release;
		};
/* End XCBuildConfiguration section */

/* Begin XCConfigurationList section */
		E1C558CD25F15F5100EA586E /* Build configuration list for PBXProject "Agenda" */ = {
			isa = XCConfigurationList;
			buildConfigurations = (
				E1C558FA25F15F5500EA586E /* Debug */,
				E1C558FB25F15F5500EA586E /* Release */,
			);
			defaultConfigurationIsVisible = 0;
			defaultConfigurationName = Release;
		};
		E1C558FC25F15F5500EA586E /* Build configuration list for PBXNativeTarget "Agenda" */ = {
			isa = XCConfigurationList;
			buildConfigurations = (
				E1C558FD25F15F5500EA586E /* Debug */,
				E1C558FE25F15F5500EA586E /* Release */,
			);
			defaultConfigurationIsVisible = 0;
			defaultConfigurationName = Release;
		};
		E1C558FF25F15F5500EA586E /* Build configuration list for PBXNativeTarget "AgendaTests" */ = {
			isa = XCConfigurationList;
			buildConfigurations = (
				E1C5590025F15F5500EA586E /* Debug */,
				E1C5590125F15F5500EA586E /* Release */,
			);
			defaultConfigurationIsVisible = 0;
			defaultConfigurationName = Release;
		};
		E1C5590225F15F5500EA586E /* Build configuration list for PBXNativeTarget "AgendaUITests" */ = {
			isa = XCConfigurationList;
			buildConfigurations = (
				E1C5590325F15F5500EA586E /* Debug */,
				E1C5590425F15F5500EA586E /* Release */,
			);
			defaultConfigurationIsVisible = 0;
			defaultConfigurationName = Release;
		};
/* End XCConfigurationList section */
	};
	rootObject = E1C558CA25F15F5100EA586E /* Project object */;
}
